// !$*UTF8*$!
{
	archiveVersion = 1;
	classes = {
	};
	objectVersion = 48;
	objects = {

/* Begin PBXBuildFile section */
		4367FCD620253FDA007B53DB /* AppDelegate.swift in Sources */ = {isa = PBXBuildFile; fileRef = 4367FCD520253FDA007B53DB /* AppDelegate.swift */; };
		4367FCDB20253FDA007B53DB /* Main.storyboard in Resources */ = {isa = PBXBuildFile; fileRef = 4367FCD920253FDA007B53DB /* Main.storyboard */; };
		4367FCDD20253FDA007B53DB /* Assets.xcassets in Resources */ = {isa = PBXBuildFile; fileRef = 4367FCDC20253FDA007B53DB /* Assets.xcassets */; };
		4367FCE020253FDA007B53DB /* LaunchScreen.storyboard in Resources */ = {isa = PBXBuildFile; fileRef = 4367FCDE20253FDA007B53DB /* LaunchScreen.storyboard */; };
		4367FCEB20253FDA007B53DB /* TumblrTests.swift in Sources */ = {isa = PBXBuildFile; fileRef = 4367FCEA20253FDA007B53DB /* TumblrTests.swift */; };
		4367FCF620253FDA007B53DB /* TumblrUITests.swift in Sources */ = {isa = PBXBuildFile; fileRef = 4367FCF520253FDA007B53DB /* TumblrUITests.swift */; };
		4367FD0420254235007B53DB /* PhotosViewController.swift in Sources */ = {isa = PBXBuildFile; fileRef = 4367FD0320254235007B53DB /* PhotosViewController.swift */; };
		4367FD06202544FC007B53DB /* PhotoCell.swift in Sources */ = {isa = PBXBuildFile; fileRef = 4367FD05202544FC007B53DB /* PhotoCell.swift */; };
		43F2C044202BB1520006E5F4 /* PhotoDetailsViewController.swift in Sources */ = {isa = PBXBuildFile; fileRef = 43F2C043202BB1520006E5F4 /* PhotoDetailsViewController.swift */; };
		4CA5B7D74888D868583156F7 /* Pods_Tumblr.framework in Frameworks */ = {isa = PBXBuildFile; fileRef = 9F0B18ABAE4E322355A98736 /* Pods_Tumblr.framework */; };
/* End PBXBuildFile section */

/* Begin PBXContainerItemProxy section */
		4367FCE720253FDA007B53DB /* PBXContainerItemProxy */ = {
			isa = PBXContainerItemProxy;
			containerPortal = 4367FCCA20253FDA007B53DB /* Project object */;
			proxyType = 1;
			remoteGlobalIDString = 4367FCD120253FDA007B53DB;
			remoteInfo = Tumblr;
		};
		4367FCF220253FDA007B53DB /* PBXContainerItemProxy */ = {
			isa = PBXContainerItemProxy;
			containerPortal = 4367FCCA20253FDA007B53DB /* Project object */;
			proxyType = 1;
			remoteGlobalIDString = 4367FCD120253FDA007B53DB;
			remoteInfo = Tumblr;
		};
/* End PBXContainerItemProxy section */

/* Begin PBXFileReference section */
		4367FCD220253FDA007B53DB /* Tumblr.app */ = {isa = PBXFileReference; explicitFileType = wrapper.application; includeInIndex = 0; path = Tumblr.app; sourceTree = BUILT_PRODUCTS_DIR; };
		4367FCD520253FDA007B53DB /* AppDelegate.swift */ = {isa = PBXFileReference; lastKnownFileType = sourcecode.swift; path = AppDelegate.swift; sourceTree = "<group>"; };
		4367FCDA20253FDA007B53DB /* Base */ = {isa = PBXFileReference; lastKnownFileType = file.storyboard; name = Base; path = Base.lproj/Main.storyboard; sourceTree = "<group>"; };
		4367FCDC20253FDA007B53DB /* Assets.xcassets */ = {isa = PBXFileReference; lastKnownFileType = folder.assetcatalog; path = Assets.xcassets; sourceTree = "<group>"; };
		4367FCDF20253FDA007B53DB /* Base */ = {isa = PBXFileReference; lastKnownFileType = file.storyboard; name = Base; path = Base.lproj/LaunchScreen.storyboard; sourceTree = "<group>"; };
		4367FCE120253FDA007B53DB /* Info.plist */ = {isa = PBXFileReference; lastKnownFileType = text.plist.xml; path = Info.plist; sourceTree = "<group>"; };
		4367FCE620253FDA007B53DB /* TumblrTests.xctest */ = {isa = PBXFileReference; explicitFileType = wrapper.cfbundle; includeInIndex = 0; path = TumblrTests.xctest; sourceTree = BUILT_PRODUCTS_DIR; };
		4367FCEA20253FDA007B53DB /* TumblrTests.swift */ = {isa = PBXFileReference; lastKnownFileType = sourcecode.swift; path = TumblrTests.swift; sourceTree = "<group>"; };
		4367FCEC20253FDA007B53DB /* Info.plist */ = {isa = PBXFileReference; lastKnownFileType = text.plist.xml; path = Info.plist; sourceTree = "<group>"; };
		4367FCF120253FDA007B53DB /* TumblrUITests.xctest */ = {isa = PBXFileReference; explicitFileType = wrapper.cfbundle; includeInIndex = 0; path = TumblrUITests.xctest; sourceTree = BUILT_PRODUCTS_DIR; };
		4367FCF520253FDA007B53DB /* TumblrUITests.swift */ = {isa = PBXFileReference; lastKnownFileType = sourcecode.swift; path = TumblrUITests.swift; sourceTree = "<group>"; };
		4367FCF720253FDA007B53DB /* Info.plist */ = {isa = PBXFileReference; lastKnownFileType = text.plist.xml; path = Info.plist; sourceTree = "<group>"; };
		4367FD0320254235007B53DB /* PhotosViewController.swift */ = {isa = PBXFileReference; lastKnownFileType = sourcecode.swift; path = PhotosViewController.swift; sourceTree = "<group>"; };
		4367FD05202544FC007B53DB /* PhotoCell.swift */ = {isa = PBXFileReference; lastKnownFileType = sourcecode.swift; path = PhotoCell.swift; sourceTree = "<group>"; };
		43F2C043202BB1520006E5F4 /* PhotoDetailsViewController.swift */ = {isa = PBXFileReference; lastKnownFileType = sourcecode.swift; path = PhotoDetailsViewController.swift; sourceTree = "<group>"; };
		6B780BD2B7CDFB4DAAD0E5FF /* Pods-Tumblr.release.xcconfig */ = {isa = PBXFileReference; includeInIndex = 1; lastKnownFileType = text.xcconfig; name = "Pods-Tumblr.release.xcconfig"; path = "Pods/Target Support Files/Pods-Tumblr/Pods-Tumblr.release.xcconfig"; sourceTree = "<group>"; };
		733B3CD5FA681566A94F6361 /* Pods_TumblrUITests.framework */ = {isa = PBXFileReference; explicitFileType = wrapper.framework; includeInIndex = 0; path = Pods_TumblrUITests.framework; sourceTree = BUILT_PRODUCTS_DIR; };
		7B192DFC183144F10E87D8D1 /* Pods_TumblrTests.framework */ = {isa = PBXFileReference; explicitFileType = wrapper.framework; includeInIndex = 0; path = Pods_TumblrTests.framework; sourceTree = BUILT_PRODUCTS_DIR; };
		9F0B18ABAE4E322355A98736 /* Pods_Tumblr.framework */ = {isa = PBXFileReference; explicitFileType = wrapper.framework; includeInIndex = 0; path = Pods_Tumblr.framework; sourceTree = BUILT_PRODUCTS_DIR; };
		E3F5A901758D37A05F48BE02 /* Pods-Tumblr.debug.xcconfig */ = {isa = PBXFileReference; includeInIndex = 1; lastKnownFileType = text.xcconfig; name = "Pods-Tumblr.debug.xcconfig"; path = "Pods/Target Support Files/Pods-Tumblr/Pods-Tumblr.debug.xcconfig"; sourceTree = "<group>"; };
/* End PBXFileReference section */

/* Begin PBXFrameworksBuildPhase section */
		4367FCCF20253FDA007B53DB /* Frameworks */ = {
			isa = PBXFrameworksBuildPhase;
			buildActionMask = 2147483647;
			files = (
				4CA5B7D74888D868583156F7 /* Pods_Tumblr.framework in Frameworks */,
			);
			runOnlyForDeploymentPostprocessing = 0;
		};
		4367FCE320253FDA007B53DB /* Frameworks */ = {
			isa = PBXFrameworksBuildPhase;
			buildActionMask = 2147483647;
			files = (
			);
			runOnlyForDeploymentPostprocessing = 0;
		};
		4367FCEE20253FDA007B53DB /* Frameworks */ = {
			isa = PBXFrameworksBuildPhase;
			buildActionMask = 2147483647;
			files = (
			);
			runOnlyForDeploymentPostprocessing = 0;
		};
/* End PBXFrameworksBuildPhase section */

/* Begin PBXGroup section */
		19FA7DFBF7A720AEFA27CE19 /* Pods */ = {
			isa = PBXGroup;
			children = (
				E3F5A901758D37A05F48BE02 /* Pods-Tumblr.debug.xcconfig */,
				6B780BD2B7CDFB4DAAD0E5FF /* Pods-Tumblr.release.xcconfig */,
			);
			name = Pods;
			sourceTree = "<group>";
		};
		4367FCC920253FDA007B53DB = {
			isa = PBXGroup;
			children = (
				4367FCD420253FDA007B53DB /* Tumblr */,
				4367FCE920253FDA007B53DB /* TumblrTests */,
				4367FCF420253FDA007B53DB /* TumblrUITests */,
				4367FCD320253FDA007B53DB /* Products */,
				19FA7DFBF7A720AEFA27CE19 /* Pods */,
				934EB78A5AE5747A27A42F70 /* Frameworks */,
			);
			sourceTree = "<group>";
		};
		4367FCD320253FDA007B53DB /* Products */ = {
			isa = PBXGroup;
			children = (
				4367FCD220253FDA007B53DB /* Tumblr.app */,
				4367FCE620253FDA007B53DB /* TumblrTests.xctest */,
				4367FCF120253FDA007B53DB /* TumblrUITests.xctest */,
			);
			name = Products;
			sourceTree = "<group>";
		};
		4367FCD420253FDA007B53DB /* Tumblr */ = {
			isa = PBXGroup;
			children = (
				4367FCD520253FDA007B53DB /* AppDelegate.swift */,
				4367FCD920253FDA007B53DB /* Main.storyboard */,
				4367FCDC20253FDA007B53DB /* Assets.xcassets */,
				4367FCDE20253FDA007B53DB /* LaunchScreen.storyboard */,
				4367FCE120253FDA007B53DB /* Info.plist */,
				4367FD0320254235007B53DB /* PhotosViewController.swift */,
				4367FD05202544FC007B53DB /* PhotoCell.swift */,
				43F2C043202BB1520006E5F4 /* PhotoDetailsViewController.swift */,
			);
			path = Tumblr;
			sourceTree = "<group>";
		};
		4367FCE920253FDA007B53DB /* TumblrTests */ = {
			isa = PBXGroup;
			children = (
				4367FCEA20253FDA007B53DB /* TumblrTests.swift */,
				4367FCEC20253FDA007B53DB /* Info.plist */,
			);
			path = TumblrTests;
			sourceTree = "<group>";
		};
		4367FCF420253FDA007B53DB /* TumblrUITests */ = {
			isa = PBXGroup;
			children = (
				4367FCF520253FDA007B53DB /* TumblrUITests.swift */,
				4367FCF720253FDA007B53DB /* Info.plist */,
			);
			path = TumblrUITests;
			sourceTree = "<group>";
		};
		934EB78A5AE5747A27A42F70 /* Frameworks */ = {
			isa = PBXGroup;
			children = (
				9F0B18ABAE4E322355A98736 /* Pods_Tumblr.framework */,
				7B192DFC183144F10E87D8D1 /* Pods_TumblrTests.framework */,
				733B3CD5FA681566A94F6361 /* Pods_TumblrUITests.framework */,
			);
			name = Frameworks;
			sourceTree = "<group>";
		};
/* End PBXGroup section */

/* Begin PBXNativeTarget section */
		4367FCD120253FDA007B53DB /* Tumblr */ = {
			isa = PBXNativeTarget;
			buildConfigurationList = 4367FCFA20253FDA007B53DB /* Build configuration list for PBXNativeTarget "Tumblr" */;
			buildPhases = (
				962D0B2FAF168EEFFB9B4EA6 /* [CP] Check Pods Manifest.lock */,
				4367FCCE20253FDA007B53DB /* Sources */,
				4367FCCF20253FDA007B53DB /* Frameworks */,
				4367FCD020253FDA007B53DB /* Resources */,
				F6C2ED0D16C147C74D4290A1 /* [CP] Embed Pods Frameworks */,
				547B0048FCF79B29484A11ED /* [CP] Copy Pods Resources */,
			);
			buildRules = (
			);
			dependencies = (
			);
			name = Tumblr;
			productName = Tumblr;
			productReference = 4367FCD220253FDA007B53DB /* Tumblr.app */;
			productType = "com.apple.product-type.application";
		};
		4367FCE520253FDA007B53DB /* TumblrTests */ = {
			isa = PBXNativeTarget;
			buildConfigurationList = 4367FCFD20253FDA007B53DB /* Build configuration list for PBXNativeTarget "TumblrTests" */;
			buildPhases = (
				4367FCE220253FDA007B53DB /* Sources */,
				4367FCE320253FDA007B53DB /* Frameworks */,
				4367FCE420253FDA007B53DB /* Resources */,
			);
			buildRules = (
			);
			dependencies = (
				4367FCE820253FDA007B53DB /* PBXTargetDependency */,
			);
			name = TumblrTests;
			productName = TumblrTests;
			productReference = 4367FCE620253FDA007B53DB /* TumblrTests.xctest */;
			productType = "com.apple.product-type.bundle.unit-test";
		};
		4367FCF020253FDA007B53DB /* TumblrUITests */ = {
			isa = PBXNativeTarget;
			buildConfigurationList = 4367FD0020253FDA007B53DB /* Build configuration list for PBXNativeTarget "TumblrUITests" */;
			buildPhases = (
				4367FCED20253FDA007B53DB /* Sources */,
				4367FCEE20253FDA007B53DB /* Frameworks */,
				4367FCEF20253FDA007B53DB /* Resources */,
			);
			buildRules = (
			);
			dependencies = (
				4367FCF320253FDA007B53DB /* PBXTargetDependency */,
			);
			name = TumblrUITests;
			productName = TumblrUITests;
			productReference = 4367FCF120253FDA007B53DB /* TumblrUITests.xctest */;
			productType = "com.apple.product-type.bundle.ui-testing";
		};
/* End PBXNativeTarget section */

/* Begin PBXProject section */
		4367FCCA20253FDA007B53DB /* Project object */ = {
			isa = PBXProject;
			attributes = {
				LastSwiftUpdateCheck = 0920;
				LastUpgradeCheck = 0920;
				ORGANIZATIONNAME = "Kristine Laranjo";
				TargetAttributes = {
					4367FCD120253FDA007B53DB = {
						CreatedOnToolsVersion = 9.2;
						ProvisioningStyle = Automatic;
					};
					4367FCE520253FDA007B53DB = {
						CreatedOnToolsVersion = 9.2;
						ProvisioningStyle = Automatic;
						TestTargetID = 4367FCD120253FDA007B53DB;
					};
					4367FCF020253FDA007B53DB = {
						CreatedOnToolsVersion = 9.2;
						ProvisioningStyle = Automatic;
						TestTargetID = 4367FCD120253FDA007B53DB;
					};
				};
			};
			buildConfigurationList = 4367FCCD20253FDA007B53DB /* Build configuration list for PBXProject "Tumblr" */;
			compatibilityVersion = "Xcode 8.0";
			developmentRegion = en;
			hasScannedForEncodings = 0;
			knownRegions = (
				en,
				Base,
			);
			mainGroup = 4367FCC920253FDA007B53DB;
			productRefGroup = 4367FCD320253FDA007B53DB /* Products */;
			projectDirPath = "";
			projectRoot = "";
			targets = (
				4367FCD120253FDA007B53DB /* Tumblr */,
				4367FCE520253FDA007B53DB /* TumblrTests */,
				4367FCF020253FDA007B53DB /* TumblrUITests */,
			);
		};
/* End PBXProject section */

/* Begin PBXResourcesBuildPhase section */
		4367FCD020253FDA007B53DB /* Resources */ = {
			isa = PBXResourcesBuildPhase;
			buildActionMask = 2147483647;
			files = (
				4367FCE020253FDA007B53DB /* LaunchScreen.storyboard in Resources */,
				4367FCDD20253FDA007B53DB /* Assets.xcassets in Resources */,
				4367FCDB20253FDA007B53DB /* Main.storyboard in Resources */,
			);
			runOnlyForDeploymentPostprocessing = 0;
		};
		4367FCE420253FDA007B53DB /* Resources */ = {
			isa = PBXResourcesBuildPhase;
			buildActionMask = 2147483647;
			files = (
			);
			runOnlyForDeploymentPostprocessing = 0;
		};
		4367FCEF20253FDA007B53DB /* Resources */ = {
			isa = PBXResourcesBuildPhase;
			buildActionMask = 2147483647;
			files = (
			);
			runOnlyForDeploymentPostprocessing = 0;
		};
/* End PBXResourcesBuildPhase section */

/* Begin PBXShellScriptBuildPhase section */
		547B0048FCF79B29484A11ED /* [CP] Copy Pods Resources */ = {
			isa = PBXShellScriptBuildPhase;
			buildActionMask = 2147483647;
			files = (
			);
			inputPaths = (
			);
			name = "[CP] Copy Pods Resources";
			outputPaths = (
			);
			runOnlyForDeploymentPostprocessing = 0;
			shellPath = /bin/sh;
			shellScript = "\"${SRCROOT}/Pods/Target Support Files/Pods-Tumblr/Pods-Tumblr-resources.sh\"\n";
			showEnvVarsInLog = 0;
		};
		962D0B2FAF168EEFFB9B4EA6 /* [CP] Check Pods Manifest.lock */ = {
			isa = PBXShellScriptBuildPhase;
			buildActionMask = 2147483647;
			files = (
			);
			inputPaths = (
				"${PODS_PODFILE_DIR_PATH}/Podfile.lock",
				"${PODS_ROOT}/Manifest.lock",
			);
			name = "[CP] Check Pods Manifest.lock";
			outputPaths = (
				"$(DERIVED_FILE_DIR)/Pods-Tumblr-checkManifestLockResult.txt",
			);
			runOnlyForDeploymentPostprocessing = 0;
			shellPath = /bin/sh;
			shellScript = "diff \"${PODS_PODFILE_DIR_PATH}/Podfile.lock\" \"${PODS_ROOT}/Manifest.lock\" > /dev/null\nif [ $? != 0 ] ; then\n    # print error to STDERR\n    echo \"error: The sandbox is not in sync with the Podfile.lock. Run 'pod install' or update your CocoaPods installation.\" >&2\n    exit 1\nfi\n# This output is used by Xcode 'outputs' to avoid re-running this script phase.\necho \"SUCCESS\" > \"${SCRIPT_OUTPUT_FILE_0}\"\n";
			showEnvVarsInLog = 0;
		};
		F6C2ED0D16C147C74D4290A1 /* [CP] Embed Pods Frameworks */ = {
			isa = PBXShellScriptBuildPhase;
			buildActionMask = 2147483647;
			files = (
			);
			inputPaths = (
				"${SRCROOT}/Pods/Target Support Files/Pods-Tumblr/Pods-Tumblr-frameworks.sh",
				"${BUILT_PRODUCTS_DIR}/Alamofire/Alamofire.framework",
				"${BUILT_PRODUCTS_DIR}/AlamofireImage/AlamofireImage.framework",
			);
			name = "[CP] Embed Pods Frameworks";
			outputPaths = (
				"${TARGET_BUILD_DIR}/${FRAMEWORKS_FOLDER_PATH}/Alamofire.framework",
				"${TARGET_BUILD_DIR}/${FRAMEWORKS_FOLDER_PATH}/AlamofireImage.framework",
			);
			runOnlyForDeploymentPostprocessing = 0;
			shellPath = /bin/sh;
			shellScript = "\"${SRCROOT}/Pods/Target Support Files/Pods-Tumblr/Pods-Tumblr-frameworks.sh\"\n";
			showEnvVarsInLog = 0;
		};
/* End PBXShellScriptBuildPhase section */

/* Begin PBXSourcesBuildPhase section */
		4367FCCE20253FDA007B53DB /* Sources */ = {
			isa = PBXSourcesBuildPhase;
			buildActionMask = 2147483647;
			files = (
				43F2C044202BB1520006E5F4 /* PhotoDetailsViewController.swift in Sources */,
				4367FCD620253FDA007B53DB /* AppDelegate.swift in Sources */,
				4367FD06202544FC007B53DB /* PhotoCell.swift in Sources */,
				4367FD0420254235007B53DB /* PhotosViewController.swift in Sources */,
			);
			runOnlyForDeploymentPostprocessing = 0;
		};
		4367FCE220253FDA007B53DB /* Sources */ = {
			isa = PBXSourcesBuildPhase;
			buildActionMask = 2147483647;
			files = (
				4367FCEB20253FDA007B53DB /* TumblrTests.swift in Sources */,
			);
			runOnlyForDeploymentPostprocessing = 0;
		};
		4367FCED20253FDA007B53DB /* Sources */ = {
			isa = PBXSourcesBuildPhase;
			buildActionMask = 2147483647;
			files = (
				4367FCF620253FDA007B53DB /* TumblrUITests.swift in Sources */,
			);
			runOnlyForDeploymentPostprocessing = 0;
		};
/* End PBXSourcesBuildPhase section */

/* Begin PBXTargetDependency section */
		4367FCE820253FDA007B53DB /* PBXTargetDependency */ = {
			isa = PBXTargetDependency;
			target = 4367FCD120253FDA007B53DB /* Tumblr */;
			targetProxy = 4367FCE720253FDA007B53DB /* PBXContainerItemProxy */;
		};
		4367FCF320253FDA007B53DB /* PBXTargetDependency */ = {
			isa = PBXTargetDependency;
			target = 4367FCD120253FDA007B53DB /* Tumblr */;
			targetProxy = 4367FCF220253FDA007B53DB /* PBXContainerItemProxy */;
		};
/* End PBXTargetDependency section */

/* Begin PBXVariantGroup section */
		4367FCD920253FDA007B53DB /* Main.storyboard */ = {
			isa = PBXVariantGroup;
			children = (
				4367FCDA20253FDA007B53DB /* Base */,
			);
			name = Main.storyboard;
			sourceTree = "<group>";
		};
		4367FCDE20253FDA007B53DB /* LaunchScreen.storyboard */ = {
			isa = PBXVariantGroup;
			children = (
				4367FCDF20253FDA007B53DB /* Base */,
			);
			name = LaunchScreen.storyboard;
			sourceTree = "<group>";
		};
/* End PBXVariantGroup section */

/* Begin XCBuildConfiguration section */
		4367FCF820253FDA007B53DB /* Debug */ = {
			isa = XCBuildConfiguration;
			buildSettings = {
				ALWAYS_SEARCH_USER_PATHS = NO;
				CLANG_ANALYZER_NONNULL = YES;
				CLANG_ANALYZER_NUMBER_OBJECT_CONVERSION = YES_AGGRESSIVE;
				CLANG_CXX_LANGUAGE_STANDARD = "gnu++14";
				CLANG_CXX_LIBRARY = "libc++";
				CLANG_ENABLE_MODULES = YES;
				CLANG_ENABLE_OBJC_ARC = YES;
				CLANG_WARN_BLOCK_CAPTURE_AUTORELEASING = YES;
				CLANG_WARN_BOOL_CONVERSION = YES;
				CLANG_WARN_COMMA = YES;
				CLANG_WARN_CONSTANT_CONVERSION = YES;
				CLANG_WARN_DIRECT_OBJC_ISA_USAGE = YES_ERROR;
				CLANG_WARN_DOCUMENTATION_COMMENTS = YES;
				CLANG_WARN_EMPTY_BODY = YES;
				CLANG_WARN_ENUM_CONVERSION = YES;
				CLANG_WARN_INFINITE_RECURSION = YES;
				CLANG_WARN_INT_CONVERSION = YES;
				CLANG_WARN_NON_LITERAL_NULL_CONVERSION = YES;
				CLANG_WARN_OBJC_LITERAL_CONVERSION = YES;
				CLANG_WARN_OBJC_ROOT_CLASS = YES_ERROR;
				CLANG_WARN_RANGE_LOOP_ANALYSIS = YES;
				CLANG_WARN_STRICT_PROTOTYPES = YES;
				CLANG_WARN_SUSPICIOUS_MOVE = YES;
				CLANG_WARN_UNGUARDED_AVAILABILITY = YES_AGGRESSIVE;
				CLANG_WARN_UNREACHABLE_CODE = YES;
				CLANG_WARN__DUPLICATE_METHOD_MATCH = YES;
				CODE_SIGN_IDENTITY = "iPhone Developer";
				COPY_PHASE_STRIP = NO;
				DEBUG_INFORMATION_FORMAT = dwarf;
				ENABLE_STRICT_OBJC_MSGSEND = YES;
				ENABLE_TESTABILITY = YES;
				GCC_C_LANGUAGE_STANDARD = gnu11;
				GCC_DYNAMIC_NO_PIC = NO;
				GCC_NO_COMMON_BLOCKS = YES;
				GCC_OPTIMIZATION_LEVEL = 0;
				GCC_PREPROCESSOR_DEFINITIONS = (
					"DEBUG=1",
					"$(inherited)",
				);
				GCC_WARN_64_TO_32_BIT_CONVERSION = YES;
				GCC_WARN_ABOUT_RETURN_TYPE = YES_ERROR;
				GCC_WARN_UNDECLARED_SELECTOR = YES;
				GCC_WARN_UNINITIALIZED_AUTOS = YES_AGGRESSIVE;
				GCC_WARN_UNUSED_FUNCTION = YES;
				GCC_WARN_UNUSED_VARIABLE = YES;
				IPHONEOS_DEPLOYMENT_TARGET = 11.2;
				MTL_ENABLE_DEBUG_INFO = YES;
				ONLY_ACTIVE_ARCH = YES;
				SDKROOT = iphoneos;
				SWIFT_ACTIVE_COMPILATION_CONDITIONS = DEBUG;
				SWIFT_OPTIMIZATION_LEVEL = "-Onone";
			};
			name = Debug;
		};
		4367FCF920253FDA007B53DB /* Release */ = {
			isa = XCBuildConfiguration;
			buildSettings = {
				ALWAYS_SEARCH_USER_PATHS = NO;
				CLANG_ANALYZER_NONNULL = YES;
				CLANG_ANALYZER_NUMBER_OBJECT_CONVERSION = YES_AGGRESSIVE;
				CLANG_CXX_LANGUAGE_STANDARD = "gnu++14";
				CLANG_CXX_LIBRARY = "libc++";
				CLANG_ENABLE_MODULES = YES;
				CLANG_ENABLE_OBJC_ARC = YES;
				CLANG_WARN_BLOCK_CAPTURE_AUTORELEASING = YES;
				CLANG_WARN_BOOL_CONVERSION = YES;
				CLANG_WARN_COMMA = YES;
				CLANG_WARN_CONSTANT_CONVERSION = YES;
				CLANG_WARN_DIRECT_OBJC_ISA_USAGE = YES_ERROR;
				CLANG_WARN_DOCUMENTATION_COMMENTS = YES;
				CLANG_WARN_EMPTY_BODY = YES;
				CLANG_WARN_ENUM_CONVERSION = YES;
				CLANG_WARN_INFINITE_RECURSION = YES;
				CLANG_WARN_INT_CONVERSION = YES;
				CLANG_WARN_NON_LITERAL_NULL_CONVERSION = YES;
				CLANG_WARN_OBJC_LITERAL_CONVERSION = YES;
				CLANG_WARN_OBJC_ROOT_CLASS = YES_ERROR;
				CLANG_WARN_RANGE_LOOP_ANALYSIS = YES;
				CLANG_WARN_STRICT_PROTOTYPES = YES;
				CLANG_WARN_SUSPICIOUS_MOVE = YES;
				CLANG_WARN_UNGUARDED_AVAILABILITY = YES_AGGRESSIVE;
				CLANG_WARN_UNREACHABLE_CODE = YES;
				CLANG_WARN__DUPLICATE_METHOD_MATCH = YES;
				CODE_SIGN_IDENTITY = "iPhone Developer";
				COPY_PHASE_STRIP = NO;
				DEBUG_INFORMATION_FORMAT = "dwarf-with-dsym";
				ENABLE_NS_ASSERTIONS = NO;
				ENABLE_STRICT_OBJC_MSGSEND = YES;
				GCC_C_LANGUAGE_STANDARD = gnu11;
				GCC_NO_COMMON_BLOCKS = YES;
				GCC_WARN_64_TO_32_BIT_CONVERSION = YES;
				GCC_WARN_ABOUT_RETURN_TYPE = YES_ERROR;
				GCC_WARN_UNDECLARED_SELECTOR = YES;
				GCC_WARN_UNINITIALIZED_AUTOS = YES_AGGRESSIVE;
				GCC_WARN_UNUSED_FUNCTION = YES;
				GCC_WARN_UNUSED_VARIABLE = YES;
				IPHONEOS_DEPLOYMENT_TARGET = 11.2;
				MTL_ENABLE_DEBUG_INFO = NO;
				SDKROOT = iphoneos;
				SWIFT_OPTIMIZATION_LEVEL = "-Owholemodule";
				VALIDATE_PRODUCT = YES;
			};
			name = Release;
		};
		4367FCFB20253FDA007B53DB /* Debug */ = {
			isa = XCBuildConfiguration;
			baseConfigurationReference = E3F5A901758D37A05F48BE02 /* Pods-Tumblr.debug.xcconfig */;
			buildSettings = {
				ASSETCATALOG_COMPILER_APPICON_NAME = AppIcon;
				CODE_SIGN_STYLE = Automatic;
				INFOPLIST_FILE = Tumblr/Info.plist;
				LD_RUNPATH_SEARCH_PATHS = "$(inherited) @executable_path/Frameworks";
				PRODUCT_BUNDLE_IDENTIFIER = edu.csumb.lara2760.Tumblr;
				PRODUCT_NAME = "$(TARGET_NAME)";
				SWIFT_VERSION = 4.0;
				TARGETED_DEVICE_FAMILY = "1,2";
			};
			name = Debug;
		};
		4367FCFC20253FDA007B53DB /* Release */ = {
			isa = XCBuildConfiguration;
			baseConfigurationReference = 6B780BD2B7CDFB4DAAD0E5FF /* Pods-Tumblr.release.xcconfig */;
			buildSettings = {
				ASSETCATALOG_COMPILER_APPICON_NAME = AppIcon;
				CODE_SIGN_STYLE = Automatic;
				INFOPLIST_FILE = Tumblr/Info.plist;
				LD_RUNPATH_SEARCH_PATHS = "$(inherited) @executable_path/Frameworks";
				PRODUCT_BUNDLE_IDENTIFIER = edu.csumb.lara2760.Tumblr;
				PRODUCT_NAME = "$(TARGET_NAME)";
				SWIFT_VERSION = 4.0;
				TARGETED_DEVICE_FAMILY = "1,2";
			};
			name = Release;
		};
		4367FCFE20253FDA007B53DB /* Debug */ = {
			isa = XCBuildConfiguration;
			buildSettings = {
				ALWAYS_EMBED_SWIFT_STANDARD_LIBRARIES = YES;
				BUNDLE_LOADER = "$(TEST_HOST)";
				CODE_SIGN_STYLE = Automatic;
				INFOPLIST_FILE = TumblrTests/Info.plist;
				LD_RUNPATH_SEARCH_PATHS = "$(inherited) @executable_path/Frameworks @loader_path/Frameworks";
				PRODUCT_BUNDLE_IDENTIFIER = edu.csumb.lara2760.TumblrTests;
				PRODUCT_NAME = "$(TARGET_NAME)";
				SWIFT_VERSION = 4.0;
				TARGETED_DEVICE_FAMILY = "1,2";
				TEST_HOST = "$(BUILT_PRODUCTS_DIR)/Tumblr.app/Tumblr";
			};
			name = Debug;
		};
		4367FCFF20253FDA007B53DB /* Release */ = {
			isa = XCBuildConfiguration;
			buildSettings = {
				ALWAYS_EMBED_SWIFT_STANDARD_LIBRARIES = YES;
				BUNDLE_LOADER = "$(TEST_HOST)";
				CODE_SIGN_STYLE = Automatic;
				INFOPLIST_FILE = TumblrTests/Info.plist;
				LD_RUNPATH_SEARCH_PATHS = "$(inherited) @executable_path/Frameworks @loader_path/Frameworks";
				PRODUCT_BUNDLE_IDENTIFIER = edu.csumb.lara2760.TumblrTests;
				PRODUCT_NAME = "$(TARGET_NAME)";
				SWIFT_VERSION = 4.0;
				TARGETED_DEVICE_FAMILY = "1,2";
				TEST_HOST = "$(BUILT_PRODUCTS_DIR)/Tumblr.app/Tumblr";
			};
			name = Release;
		};
		4367FD0120253FDA007B53DB /* Debug */ = {
			isa = XCBuildConfiguration;
			buildSettings = {
				ALWAYS_EMBED_SWIFT_STANDARD_LIBRARIES = YES;
				CODE_SIGN_STYLE = Automatic;
				INFOPLIST_FILE = TumblrUITests/Info.plist;
				LD_RUNPATH_SEARCH_PATHS = "$(inherited) @executable_path/Frameworks @loader_path/Frameworks";
				PRODUCT_BUNDLE_IDENTIFIER = edu.csumb.lara2760.TumblrUITests;
				PRODUCT_NAME = "$(TARGET_NAME)";
				SWIFT_VERSION = 4.0;
				TARGETED_DEVICE_FAMILY = "1,2";
				TEST_TARGET_NAME = Tumblr;
			};
			name = Debug;
		};
		4367FD0220253FDA007B53DB /* Release */ = {
			isa = XCBuildConfiguration;
			buildSettings = {
				ALWAYS_EMBED_SWIFT_STANDARD_LIBRARIES = YES;
				CODE_SIGN_STYLE = Automatic;
				INFOPLIST_FILE = TumblrUITests/Info.plist;
				LD_RUNPATH_SEARCH_PATHS = "$(inherited) @executable_path/Frameworks @loader_path/Frameworks";
				PRODUCT_BUNDLE_IDENTIFIER = edu.csumb.lara2760.TumblrUITests;
				PRODUCT_NAME = "$(TARGET_NAME)";
				SWIFT_VERSION = 4.0;
				TARGETED_DEVICE_FAMILY = "1,2";
				TEST_TARGET_NAME = Tumblr;
			};
			name = Release;
		};
/* End XCBuildConfiguration section */

/* Begin XCConfigurationList section */
		4367FCCD20253FDA007B53DB /* Build configuration list for PBXProject "Tumblr" */ = {
			isa = XCConfigurationList;
			buildConfigurations = (
				4367FCF820253FDA007B53DB /* Debug */,
				4367FCF920253FDA007B53DB /* Release */,
			);
			defaultConfigurationIsVisible = 0;
			defaultConfigurationName = Release;
		};
		4367FCFA20253FDA007B53DB /* Build configuration list for PBXNativeTarget "Tumblr" */ = {
			isa = XCConfigurationList;
			buildConfigurations = (
				4367FCFB20253FDA007B53DB /* Debug */,
				4367FCFC20253FDA007B53DB /* Release */,
			);
			defaultConfigurationIsVisible = 0;
			defaultConfigurationName = Release;
		};
		4367FCFD20253FDA007B53DB /* Build configuration list for PBXNativeTarget "TumblrTests" */ = {
			isa = XCConfigurationList;
			buildConfigurations = (
				4367FCFE20253FDA007B53DB /* Debug */,
				4367FCFF20253FDA007B53DB /* Release */,
			);
			defaultConfigurationIsVisible = 0;
			defaultConfigurationName = Release;
		};
		4367FD0020253FDA007B53DB /* Build configuration list for PBXNativeTarget "TumblrUITests" */ = {
			isa = XCConfigurationList;
			buildConfigurations = (
				4367FD0120253FDA007B53DB /* Debug */,
				4367FD0220253FDA007B53DB /* Release */,
			);
			defaultConfigurationIsVisible = 0;
			defaultConfigurationName = Release;
		};
/* End XCConfigurationList section */
	};
	rootObject = 4367FCCA20253FDA007B53DB /* Project object */;
}
